
Microsoft Visual Studio Solution File, Format Version 12.00
# Visual Studio Version 17
VisualStudioVersion = 17.4.33110.190
MinimumVisualStudioVersion = 10.0.40219.1
Project("{2150E333-8FDC-42A3-9474-1A3956D46DE8}") = "PLATFORM", "PLATFORM", "{B916A5E6-D830-4218-B701-C744A9C73459}"
EndProject
Project("{9A19103F-16F7-4668-BE54-9A1E7A4F7556}") = "PlatformService", "PlatformService\PlatformService.csproj", "{07319589-FB7A-4698-A7A6-29ADB51BF8B9}"
EndProject
Project("{2150E333-8FDC-42A3-9474-1A3956D46DE8}") = "COMMAND", "COMMAND", "{62E02DA4-3CAD-4857-9324-CECDBE30AA62}"
EndProject
Project("{9A19103F-16F7-4668-BE54-9A1E7A4F7556}") = "CommandService", "CommandService\CommandService.csproj", "{5450F01A-3EE4-44BB-BDEA-3308E6750F9D}"
EndProject
Project("{2150E333-8FDC-42A3-9474-1A3956D46DE8}") = "GATEWAY", "GATEWAY", "{80A9E0A5-1000-4393-B9A2-BC94EC218E8A}"
EndProject
Project("{9A19103F-16F7-4668-BE54-9A1E7A4F7556}") = "API-Gateway", "..\..\Project_Microservices\API-Gateway\API-Gateway.csproj", "{F73A07EF-50CE-425E-AFD7-14AC5D3153A0}"
EndProject
Project("{2150E333-8FDC-42A3-9474-1A3956D46DE8}") = "MicroService", "MicroService", "{DF7B6239-5661-4921-BD25-6D959EB4B748}"
EndProject
Project("{2150E333-8FDC-42A3-9474-1A3956D46DE8}") = "RateLimiting", "RateLimiting", "{D40CF678-7B8D-47F1-AFBD-130E981ED498}"
EndProject
Project("{9A19103F-16F7-4668-BE54-9A1E7A4F7556}") = "APIRateLimiting", "APIRateLimiting\APIRateLimiting.csproj", "{D515AB99-090E-44E4-B67D-CF9D2480E1DA}"
EndProject
Project("{2150E333-8FDC-42A3-9474-1A3956D46DE8}") = "Hangfire Service", "Hangfire Service", "{2DEB8311-3D70-4FCB-96B3-CC0655ACD216}"
EndProject
Project("{FAE04EC0-301F-11D3-BF4B-00C04F79EFBC}") = "Hangfire-Service", "Hangfire-Service\Hangfire-Service.csproj", "{DFE4BA01-AEB1-477C-B42A-42DDA2DF16A2}"
EndProject
Global
	GlobalSection(SolutionConfigurationPlatforms) = preSolution
		Debug|Any CPU = Debug|Any CPU
		Release|Any CPU = Release|Any CPU
	EndGlobalSection
	GlobalSection(ProjectConfigurationPlatforms) = postSolution
		{07319589-FB7A-4698-A7A6-29ADB51BF8B9}.Debug|Any CPU.ActiveCfg = Debug|Any CPU
		{07319589-FB7A-4698-A7A6-29ADB51BF8B9}.Debug|Any CPU.Build.0 = Debug|Any CPU
		{07319589-FB7A-4698-A7A6-29ADB51BF8B9}.Release|Any CPU.ActiveCfg = Release|Any CPU
		{07319589-FB7A-4698-A7A6-29ADB51BF8B9}.Release|Any CPU.Build.0 = Release|Any CPU
		{5450F01A-3EE4-44BB-BDEA-3308E6750F9D}.Debug|Any CPU.ActiveCfg = Debug|Any CPU
		{5450F01A-3EE4-44BB-BDEA-3308E6750F9D}.Debug|Any CPU.Build.0 = Debug|Any CPU
		{5450F01A-3EE4-44BB-BDEA-3308E6750F9D}.Release|Any CPU.ActiveCfg = Release|Any CPU
		{5450F01A-3EE4-44BB-BDEA-3308E6750F9D}.Release|Any CPU.Build.0 = Release|Any CPU
		{F73A07EF-50CE-425E-AFD7-14AC5D3153A0}.Debug|Any CPU.ActiveCfg = Debug|Any CPU
		{F73A07EF-50CE-425E-AFD7-14AC5D3153A0}.Debug|Any CPU.Build.0 = Debug|Any CPU
		{F73A07EF-50CE-425E-AFD7-14AC5D3153A0}.Release|Any CPU.ActiveCfg = Release|Any CPU
		{F73A07EF-50CE-425E-AFD7-14AC5D3153A0}.Release|Any CPU.Build.0 = Release|Any CPU
		{D515AB99-090E-44E4-B67D-CF9D2480E1DA}.Debug|Any CPU.ActiveCfg = Debug|Any CPU
		{D515AB99-090E-44E4-B67D-CF9D2480E1DA}.Debug|Any CPU.Build.0 = Debug|Any CPU
		{D515AB99-090E-44E4-B67D-CF9D2480E1DA}.Release|Any CPU.ActiveCfg = Release|Any CPU
		{D515AB99-090E-44E4-B67D-CF9D2480E1DA}.Release|Any CPU.Build.0 = Release|Any CPU
		{DFE4BA01-AEB1-477C-B42A-42DDA2DF16A2}.Debug|Any CPU.ActiveCfg = Debug|Any CPU
		{DFE4BA01-AEB1-477C-B42A-42DDA2DF16A2}.Debug|Any CPU.Build.0 = Debug|Any CPU
		{DFE4BA01-AEB1-477C-B42A-42DDA2DF16A2}.Release|Any CPU.ActiveCfg = Release|Any CPU
		{DFE4BA01-AEB1-477C-B42A-42DDA2DF16A2}.Release|Any CPU.Build.0 = Release|Any CPU
	EndGlobalSection
	GlobalSection(SolutionProperties) = preSolution
		HideSolutionNode = FALSE
	EndGlobalSection
	GlobalSection(NestedProjects) = preSolution
		{B916A5E6-D830-4218-B701-C744A9C73459} = {DF7B6239-5661-4921-BD25-6D959EB4B748}
		{07319589-FB7A-4698-A7A6-29ADB51BF8B9} = {B916A5E6-D830-4218-B701-C744A9C73459}
		{62E02DA4-3CAD-4857-9324-CECDBE30AA62} = {DF7B6239-5661-4921-BD25-6D959EB4B748}
		{5450F01A-3EE4-44BB-BDEA-3308E6750F9D} = {62E02DA4-3CAD-4857-9324-CECDBE30AA62}
		{80A9E0A5-1000-4393-B9A2-BC94EC218E8A} = {DF7B6239-5661-4921-BD25-6D959EB4B748}
		{F73A07EF-50CE-425E-AFD7-14AC5D3153A0} = {80A9E0A5-1000-4393-B9A2-BC94EC218E8A}
		{D515AB99-090E-44E4-B67D-CF9D2480E1DA} = {D40CF678-7B8D-47F1-AFBD-130E981ED498}
		{DFE4BA01-AEB1-477C-B42A-42DDA2DF16A2} = {2DEB8311-3D70-4FCB-96B3-CC0655ACD216}
	EndGlobalSection
	GlobalSection(ExtensibilityGlobals) = postSolution
		SolutionGuid = {0A4DC865-78E7-40EB-8512-3E09BD89243F}
	EndGlobalSection
EndGlobal
